
Microsoft Visual Studio Solution File, Format Version 12.00
# Visual Studio 15
VisualStudioVersion = 15.0.27004.2008
MinimumVisualStudioVersion = 10.0.40219.1
Project("{FAE04EC0-301F-11D3-BF4B-00C04F79EFBC}") = "covariance-and-contravariance", "covariance-and-contravariance.csproj", "{C2C0A2F6-BB5E-4A38-BC03-81A893589452}"
EndProject
Global
	GlobalSection(SolutionConfigurationPlatforms) = preSolution
		Debug|Any CPU = Debug|Any CPU
		Release|Any CPU = Release|Any CPU
	EndGlobalSection
	GlobalSection(ProjectConfigurationPlatforms) = postSolution
		{C2C0A2F6-BB5E-4A38-BC03-81A893589452}.Debug|Any CPU.ActiveCfg = Debug|Any CPU
		{C2C0A2F6-BB5E-4A38-BC03-81A893589452}.Debug|Any CPU.Build.0 = Debug|Any CPU
		{C2C0A2F6-BB5E-4A38-BC03-81A893589452}.Release|Any CPU.ActiveCfg = Release|Any CPU
		{C2C0A2F6-BB5E-4A38-BC03-81A893589452}.Release|Any CPU.Build.0 = Release|Any CPU
	EndGlobalSection
	GlobalSection(SolutionProperties) = preSolution
		HideSolutionNode = FALSE
	EndGlobalSection
	GlobalSection(ExtensibilityGlobals) = postSolution
		SolutionGuid = {7EE2956B-E7CA-452C-AED8-6F5BABDD5116}
	EndGlobalSection
EndGlobal
